
Microsoft Visual Studio Solution File, Format Version 12.00
# Visual Studio Version 17
VisualStudioVersion = 17.11.35312.102
MinimumVisualStudioVersion = 10.0.40219.1
Project("{FAE04EC0-301F-11D3-BF4B-00C04F79EFBC}") = "Madeley-Cole-a2", "Madeley-Cole-a2.csproj", "{7DDDD774-A3F3-4BFE-B499-A56B3D880661}"
EndProject
Global
	GlobalSection(SolutionConfigurationPlatforms) = preSolution
		Debug|Any CPU = Debug|Any CPU
		Release|Any CPU = Release|Any CPU
	EndGlobalSection
	GlobalSection(ProjectConfigurationPlatforms) = postSolution
		{7DDDD774-A3F3-4BFE-B499-A56B3D880661}.Debug|Any CPU.ActiveCfg = Debug|Any CPU
		{7DDDD774-A3F3-4BFE-B499-A56B3D880661}.Debug|Any CPU.Build.0 = Debug|Any CPU
		{7DDDD774-A3F3-4BFE-B499-A56B3D880661}.Release|Any CPU.ActiveCfg = Release|Any CPU
		{7DDDD774-A3F3-4BFE-B499-A56B3D880661}.Release|Any CPU.Build.0 = Release|Any CPU
	EndGlobalSection
	GlobalSection(SolutionProperties) = preSolution
		HideSolutionNode = FALSE
	EndGlobalSection
	GlobalSection(ExtensibilityGlobals) = postSolution
		SolutionGuid = {32C18172-54DB-4259-98AD-9ACC147B361F}
	EndGlobalSection
EndGlobal
